
Microsoft Visual Studio Solution File, Format Version 12.00
# Visual Studio Version 16
VisualStudioVersion = 16.0.30717.126
MinimumVisualStudioVersion = 10.0.40219.1
Project("{FAE04EC0-301F-11D3-BF4B-00C04F79EFBC}") = "SmartLink", "SmartLink.csproj", "{316A06C0-73CB-42C3-91FE-A7186F85994E}"
EndProject
Global
	GlobalSection(SolutionConfigurationPlatforms) = preSolution
		Debug|Any CPU = Debug|Any CPU
		Release|Any CPU = Release|Any CPU
	EndGlobalSection
	GlobalSection(ProjectConfigurationPlatforms) = postSolution
		{316A06C0-73CB-42C3-91FE-A7186F85994E}.Debug|Any CPU.ActiveCfg = Debug|Any CPU
		{316A06C0-73CB-42C3-91FE-A7186F85994E}.Debug|Any CPU.Build.0 = Debug|Any CPU
		{316A06C0-73CB-42C3-91FE-A7186F85994E}.Release|Any CPU.ActiveCfg = Release|Any CPU
		{316A06C0-73CB-42C3-91FE-A7186F85994E}.Release|Any CPU.Build.0 = Release|Any CPU
	EndGlobalSection
	GlobalSection(SolutionProperties) = preSolution
		HideSolutionNode = FALSE
	EndGlobalSection
	GlobalSection(ExtensibilityGlobals) = postSolution
		SolutionGuid = {E3B19DFC-BF9E-4538-93B5-1BF707C17FDA}
	EndGlobalSection
EndGlobal
